
Microsoft Visual Studio Solution File, Format Version 12.00
# Visual Studio Version 16
VisualStudioVersion = 16.0.31410.357
MinimumVisualStudioVersion = 10.0.40219.1
Project("{FAE04EC0-301F-11D3-BF4B-00C04F79EFBC}") = "ConsoleApp2", "ConsoleApp2\ConsoleApp2.csproj", "{FEAFB9B3-AA4B-47D3-B38F-87C68789829F}"
EndProject
Global
	GlobalSection(SolutionConfigurationPlatforms) = preSolution
		Debug|Any CPU = Debug|Any CPU
		Release|Any CPU = Release|Any CPU
	EndGlobalSection
	GlobalSection(ProjectConfigurationPlatforms) = postSolution
		{FEAFB9B3-AA4B-47D3-B38F-87C68789829F}.Debug|Any CPU.ActiveCfg = Debug|Any CPU
		{FEAFB9B3-AA4B-47D3-B38F-87C68789829F}.Debug|Any CPU.Build.0 = Debug|Any CPU
		{FEAFB9B3-AA4B-47D3-B38F-87C68789829F}.Release|Any CPU.ActiveCfg = Release|Any CPU
		{FEAFB9B3-AA4B-47D3-B38F-87C68789829F}.Release|Any CPU.Build.0 = Release|Any CPU
	EndGlobalSection
	GlobalSection(SolutionProperties) = preSolution
		HideSolutionNode = FALSE
	EndGlobalSection
	GlobalSection(ExtensibilityGlobals) = postSolution
		SolutionGuid = {B254B8FB-9908-4C8E-BD27-5118051BD113}
	EndGlobalSection
EndGlobal
